LOCK_VERSION=1
UPSTREAM_PRIMARY_URL=https://gitlab.com/lely_industries/lely-core.git
UPSTREAM_MIRROR_URL=https://github.com/lely-industries/lely-core.git
BASELINE_KIND=local-upload
BASELINE_ARCHIVE_NAME=lely-core(1).zip
BASELINE_ARCHIVE_SHA256=e1690e9925f213ec45f823e757461378432ce1764ec05321850f5dccd38fbc2e
BASELINE_EXACT_UPSTREAM_REF=UNRESOLVED
CURRENT_UPSTREAM_REF=UNRESOLVED
CURRENT_REF_VERIFICATION=UNRESOLVED
OBSERVED_GITHUB_MIRROR_MASTER=620d1858eb8520dbc3dc5e1a7314565becd54199
OBSERVED_GITHUB_MIRROR_DATE_UTC=2026-09-02
IMPORT_POLICY=B0_EV_IO2_MODULE_ALLOWLIST
